
Microsoft Visual Studio Solution File, Format Version 12.00
# Visual Studio 14
VisualStudioVersion = 14.0.25420.1
MinimumVisualStudioVersion = 10.0.40219.1
Project("{FAE04EC0-301F-11D3-BF4B-00C04F79EFBC}") = "ReloChat", "ReloChat\ReloChat.csproj", "{DE5CC362-CACA-423C-A4A4-66557D140E46}"
EndProject
Project("{2150E333-8FDC-42A3-9474-1A3956D46DE8}") = "PublishScripts", "PublishScripts", "{807EBD62-C66C-4ED1-AE19-A0838BAC9746}"
EndProject
Project("{2150E333-8FDC-42A3-9474-1A3956D46DE8}") = "Scripts", "Scripts", "{2E7BF706-36EE-44AE-B1F8-B285EDCF5D37}"
	ProjectSection(SolutionItems) = preProject
		PublishScripts\Scripts\Deploy-AzureResourceGroup.ps1 = PublishScripts\Scripts\Deploy-AzureResourceGroup.ps1
	EndProjectSection
EndProject
Project("{2150E333-8FDC-42A3-9474-1A3956D46DE8}") = "Templates", "Templates", "{7CA6C60D-ABCD-43FB-BE00-420A01CFCE73}"
	ProjectSection(SolutionItems) = preProject
		PublishScripts\Templates\ReloChat.json = PublishScripts\Templates\ReloChat.json
		PublishScripts\Templates\ReloChat.param.dev.json = PublishScripts\Templates\ReloChat.param.dev.json
	EndProjectSection
EndProject
Global
	GlobalSection(SolutionConfigurationPlatforms) = preSolution
		Debug|Any CPU = Debug|Any CPU
		Release|Any CPU = Release|Any CPU
	EndGlobalSection
	GlobalSection(ProjectConfigurationPlatforms) = postSolution
		{DE5CC362-CACA-423C-A4A4-66557D140E46}.Debug|Any CPU.ActiveCfg = Debug|Any CPU
		{DE5CC362-CACA-423C-A4A4-66557D140E46}.Debug|Any CPU.Build.0 = Debug|Any CPU
		{DE5CC362-CACA-423C-A4A4-66557D140E46}.Release|Any CPU.ActiveCfg = Release|Any CPU
		{DE5CC362-CACA-423C-A4A4-66557D140E46}.Release|Any CPU.Build.0 = Release|Any CPU
	EndGlobalSection
	GlobalSection(SolutionProperties) = preSolution
		HideSolutionNode = FALSE
	EndGlobalSection
	GlobalSection(NestedProjects) = preSolution
		{2E7BF706-36EE-44AE-B1F8-B285EDCF5D37} = {807EBD62-C66C-4ED1-AE19-A0838BAC9746}
		{7CA6C60D-ABCD-43FB-BE00-420A01CFCE73} = {807EBD62-C66C-4ED1-AE19-A0838BAC9746}
	EndGlobalSection
EndGlobal
